github.com/MaestroError/go-libheif v0.3.0 h1:204PWXPzbxMAWHzQsnRpS8X99SMxRLlXapgQCeMlCMA=
github.com/MaestroError/go-libheif v0.3.0/go.mod h1:Tm3itYEAZS4K41yP81EudQXZsPaN8Ij85wMXRBkHKhI=
github.com/golubaca/goheif v0.0.0-20241112162159-463fdc52e1a0 h1:JgnQIf6FVyaFfri8aLShZ+5LTtc8TxNlInUuP3UNiXU=
github.com/golubaca/goheif v0.0.0-20241112162159-463fdc52e1a0/go.mod h1:6+k1gWuchRyBYMth0BsVfps45JqJGzljG+mHj/wFKNM=
github.com/golubaca/goheif v0.0.0-20241112232426-fb239e86afe7 h1:Cdizu2FuJVYPAxoPqG2UgaEhpnnzJtPWUh2j5LPwcWo=
github.com/golubaca/goheif v0.0.0-20241112232426-fb239e86afe7/go.mod h1:6+k1gWuchRyBYMth0BsVfps45JqJGzljG+mHj/wFKNM=
github.com/rwcarlsen/goexif v0.0.0-20190401172101-9e8deecbddbd h1:CmH9+J6ZSsIjUK3dcGsnCnO41eRBOnY12zwkn5qVwgc=
github.com/rwcarlsen/goexif v0.0.0-20190401172101-9e8deecbddbd/go.mod h1:hPqNNc0+uJM6H+SuU8sEs5K5IQeKccPqeSjfgcKGgPk=
github.com/strukturag/libheif v1.16.2 h1:wCgk8RhYopsFsg73misRH7HLlKflrVBYyIcIcxd/Dr0=
github.com/strukturag/libheif v1.16.2/go.mod h1:E/PNRlmVtrtj9j2AvBZlrO4dsBDu6KfwDZn7X1Ce8Ks=
